// !$*UTF8*$!
{
	archiveVersion = 1;
	classes = {
	};
	objectVersion = 56;
	objects = {

/* Begin PBXBuildFile section */
		D92F30F22A96B5A200E31ACB /* Alamofire in Frameworks */ = {isa = PBXBuildFile; productRef = D92F30F12A96B5A200E31ACB /* Alamofire */; };
		D92F30F62A96B6DD00E31ACB /* ErrorMessage.swift in Sources */ = {isa = PBXBuildFile; fileRef = D92F30F52A96B6DD00E31ACB /* ErrorMessage.swift */; };
		D92F30F82A96B8D900E31ACB /* MovieService.swift in Sources */ = {isa = PBXBuildFile; fileRef = D92F30F72A96B8D900E31ACB /* MovieService.swift */; };
		D92F30FA2A96BE0A00E31ACB /* MovieList.swift in Sources */ = {isa = PBXBuildFile; fileRef = D92F30F92A96BE0A00E31ACB /* MovieList.swift */; };
		D984C2622A94B1E4004E98D6 /* SnapKit in Frameworks */ = {isa = PBXBuildFile; productRef = D984C2612A94B1E4004E98D6 /* SnapKit */; };
		D984C2662A94E6E4004E98D6 /* RecommendedCVCell.swift in Sources */ = {isa = PBXBuildFile; fileRef = D984C2652A94E6E4004E98D6 /* RecommendedCVCell.swift */; };
		D984C2682A94F95F004E98D6 /* SearchViewController.swift in Sources */ = {isa = PBXBuildFile; fileRef = D984C2672A94F95E004E98D6 /* SearchViewController.swift */; };
		D984C26A2A94FA3E004E98D6 /* TabBarController.swift in Sources */ = {isa = PBXBuildFile; fileRef = D984C2692A94FA3E004E98D6 /* TabBarController.swift */; };
		D98C4C9C2A93A49200AAEBC2 /* AppDelegate.swift in Sources */ = {isa = PBXBuildFile; fileRef = D98C4C9B2A93A49200AAEBC2 /* AppDelegate.swift */; };
		D98C4C9E2A93A49200AAEBC2 /* SceneDelegate.swift in Sources */ = {isa = PBXBuildFile; fileRef = D98C4C9D2A93A49200AAEBC2 /* SceneDelegate.swift */; };
		D98C4CA02A93A49200AAEBC2 /* HomeViewController.swift in Sources */ = {isa = PBXBuildFile; fileRef = D98C4C9F2A93A49200AAEBC2 /* HomeViewController.swift */; };
		D98C4CA62A93A49200AAEBC2 /* papcorn101.xcdatamodeld in Sources */ = {isa = PBXBuildFile; fileRef = D98C4CA42A93A49200AAEBC2 /* papcorn101.xcdatamodeld */; };
		D98C4CA82A93A49500AAEBC2 /* Assets.xcassets in Resources */ = {isa = PBXBuildFile; fileRef = D98C4CA72A93A49500AAEBC2 /* Assets.xcassets */; };
		D98C4CAB2A93A49500AAEBC2 /* LaunchScreen.storyboard in Resources */ = {isa = PBXBuildFile; fileRef = D98C4CA92A93A49500AAEBC2 /* LaunchScreen.storyboard */; };
		D98C4CB62A93A49500AAEBC2 /* papcorn101Tests.swift in Sources */ = {isa = PBXBuildFile; fileRef = D98C4CB52A93A49500AAEBC2 /* papcorn101Tests.swift */; };
		D98C4CC02A93A49500AAEBC2 /* papcorn101UITests.swift in Sources */ = {isa = PBXBuildFile; fileRef = D98C4CBF2A93A49500AAEBC2 /* papcorn101UITests.swift */; };
		D98C4CC22A93A49500AAEBC2 /* papcorn101UITestsLaunchTests.swift in Sources */ = {isa = PBXBuildFile; fileRef = D98C4CC12A93A49500AAEBC2 /* papcorn101UITestsLaunchTests.swift */; };
		D98C4CD62A93A7AF00AAEBC2 /* UserInfo.swift in Sources */ = {isa = PBXBuildFile; fileRef = D98C4CD52A93A7AF00AAEBC2 /* UserInfo.swift */; };
		D98C4CD82A93A9B200AAEBC2 /* MovieInfo.swift in Sources */ = {isa = PBXBuildFile; fileRef = D98C4CD72A93A9B200AAEBC2 /* MovieInfo.swift */; };
		D9F657B12A98E1170026CCFB /* PopularCVCell.swift in Sources */ = {isa = PBXBuildFile; fileRef = D9F657B02A98E1170026CCFB /* PopularCVCell.swift */; };
/* End PBXBuildFile section */

/* Begin PBXContainerItemProxy section */
		D98C4CB22A93A49500AAEBC2 /* PBXContainerItemProxy */ = {
			isa = PBXContainerItemProxy;
			containerPortal = D98C4C902A93A49200AAEBC2 /* Project object */;
			proxyType = 1;
			remoteGlobalIDString = D98C4C972A93A49200AAEBC2;
			remoteInfo = papcorn101;
		};
		D98C4CBC2A93A49500AAEBC2 /* PBXContainerItemProxy */ = {
			isa = PBXContainerItemProxy;
			containerPortal = D98C4C902A93A49200AAEBC2 /* Project object */;
			proxyType = 1;
			remoteGlobalIDString = D98C4C972A93A49200AAEBC2;
			remoteInfo = papcorn101;
		};
/* End PBXContainerItemProxy section */

/* Begin PBXFileReference section */
		D92F30F52A96B6DD00E31ACB /* ErrorMessage.swift */ = {isa = PBXFileReference; lastKnownFileType = sourcecode.swift; path = ErrorMessage.swift; sourceTree = "<group>"; };
		D92F30F72A96B8D900E31ACB /* MovieService.swift */ = {isa = PBXFileReference; lastKnownFileType = sourcecode.swift; path = MovieService.swift; sourceTree = "<group>"; };
		D92F30F92A96BE0A00E31ACB /* MovieList.swift */ = {isa = PBXFileReference; lastKnownFileType = sourcecode.swift; path = MovieList.swift; sourceTree = "<group>"; };
		D984C2652A94E6E4004E98D6 /* RecommendedCVCell.swift */ = {isa = PBXFileReference; lastKnownFileType = sourcecode.swift; path = RecommendedCVCell.swift; sourceTree = "<group>"; };
		D984C2672A94F95E004E98D6 /* SearchViewController.swift */ = {isa = PBXFileReference; lastKnownFileType = sourcecode.swift; path = SearchViewController.swift; sourceTree = "<group>"; };
		D984C2692A94FA3E004E98D6 /* TabBarController.swift */ = {isa = PBXFileReference; lastKnownFileType = sourcecode.swift; path = TabBarController.swift; sourceTree = "<group>"; };
		D98C4C982A93A49200AAEBC2 /* papcorn101.app */ = {isa = PBXFileReference; explicitFileType = wrapper.application; includeInIndex = 0; path = papcorn101.app; sourceTree = BUILT_PRODUCTS_DIR; };
		D98C4C9B2A93A49200AAEBC2 /* AppDelegate.swift */ = {isa = PBXFileReference; lastKnownFileType = sourcecode.swift; path = AppDelegate.swift; sourceTree = "<group>"; };
		D98C4C9D2A93A49200AAEBC2 /* SceneDelegate.swift */ = {isa = PBXFileReference; lastKnownFileType = sourcecode.swift; path = SceneDelegate.swift; sourceTree = "<group>"; };
		D98C4C9F2A93A49200AAEBC2 /* HomeViewController.swift */ = {isa = PBXFileReference; lastKnownFileType = sourcecode.swift; path = HomeViewController.swift; sourceTree = "<group>"; };
		D98C4CA52A93A49200AAEBC2 /* papcorn101.xcdatamodel */ = {isa = PBXFileReference; lastKnownFileType = wrapper.xcdatamodel; path = papcorn101.xcdatamodel; sourceTree = "<group>"; };
		D98C4CA72A93A49500AAEBC2 /* Assets.xcassets */ = {isa = PBXFileReference; lastKnownFileType = folder.assetcatalog; path = Assets.xcassets; sourceTree = "<group>"; };
		D98C4CAA2A93A49500AAEBC2 /* Base */ = {isa = PBXFileReference; lastKnownFileType = file.storyboard; name = Base; path = Base.lproj/LaunchScreen.storyboard; sourceTree = "<group>"; };
		D98C4CAC2A93A49500AAEBC2 /* Info.plist */ = {isa = PBXFileReference; lastKnownFileType = text.plist.xml; path = Info.plist; sourceTree = "<group>"; };
		D98C4CB12A93A49500AAEBC2 /* papcorn101Tests.xctest */ = {isa = PBXFileReference; explicitFileType = wrapper.cfbundle; includeInIndex = 0; path = papcorn101Tests.xctest; sourceTree = BUILT_PRODUCTS_DIR; };
		D98C4CB52A93A49500AAEBC2 /* papcorn101Tests.swift */ = {isa = PBXFileReference; lastKnownFileType = sourcecode.swift; path = papcorn101Tests.swift; sourceTree = "<group>"; };
		D98C4CBB2A93A49500AAEBC2 /* papcorn101UITests.xctest */ = {isa = PBXFileReference; explicitFileType = wrapper.cfbundle; includeInIndex = 0; path = papcorn101UITests.xctest; sourceTree = BUILT_PRODUCTS_DIR; };
		D98C4CBF2A93A49500AAEBC2 /* papcorn101UITests.swift */ = {isa = PBXFileReference; lastKnownFileType = sourcecode.swift; path = papcorn101UITests.swift; sourceTree = "<group>"; };
		D98C4CC12A93A49500AAEBC2 /* papcorn101UITestsLaunchTests.swift */ = {isa = PBXFileReference; lastKnownFileType = sourcecode.swift; path = papcorn101UITestsLaunchTests.swift; sourceTree = "<group>"; };
		D98C4CD52A93A7AF00AAEBC2 /* UserInfo.swift */ = {isa = PBXFileReference; lastKnownFileType = sourcecode.swift; path = UserInfo.swift; sourceTree = "<group>"; };
		D98C4CD72A93A9B200AAEBC2 /* MovieInfo.swift */ = {isa = PBXFileReference; lastKnownFileType = sourcecode.swift; path = MovieInfo.swift; sourceTree = "<group>"; };
		D9F657B02A98E1170026CCFB /* PopularCVCell.swift */ = {isa = PBXFileReference; lastKnownFileType = sourcecode.swift; path = PopularCVCell.swift; sourceTree = "<group>"; };
/* End PBXFileReference section */

/* Begin PBXFrameworksBuildPhase section */
		D98C4C952A93A49200AAEBC2 /* Frameworks */ = {
			isa = PBXFrameworksBuildPhase;
			buildActionMask = 2147483647;
			files = (
				D984C2622A94B1E4004E98D6 /* SnapKit in Frameworks */,
				D92F30F22A96B5A200E31ACB /* Alamofire in Frameworks */,
			);
			runOnlyForDeploymentPostprocessing = 0;
		};
		D98C4CAE2A93A49500AAEBC2 /* Frameworks */ = {
			isa = PBXFrameworksBuildPhase;
			buildActionMask = 2147483647;
			files = (
			);
			runOnlyForDeploymentPostprocessing = 0;
		};
		D98C4CB82A93A49500AAEBC2 /* Frameworks */ = {
			isa = PBXFrameworksBuildPhase;
			buildActionMask = 2147483647;
			files = (
			);
			runOnlyForDeploymentPostprocessing = 0;
		};
/* End PBXFrameworksBuildPhase section */

/* Begin PBXGroup section */
		D98C4C8F2A93A49200AAEBC2 = {
			isa = PBXGroup;
			children = (
				D98C4C9A2A93A49200AAEBC2 /* papcorn101 */,
				D98C4CB42A93A49500AAEBC2 /* papcorn101Tests */,
				D98C4CBE2A93A49500AAEBC2 /* papcorn101UITests */,
				D98C4C992A93A49200AAEBC2 /* Products */,
			);
			sourceTree = "<group>";
		};
		D98C4C992A93A49200AAEBC2 /* Products */ = {
			isa = PBXGroup;
			children = (
				D98C4C982A93A49200AAEBC2 /* papcorn101.app */,
				D98C4CB12A93A49500AAEBC2 /* papcorn101Tests.xctest */,
				D98C4CBB2A93A49500AAEBC2 /* papcorn101UITests.xctest */,
			);
			name = Products;
			sourceTree = "<group>";
		};
		D98C4C9A2A93A49200AAEBC2 /* papcorn101 */ = {
			isa = PBXGroup;
			children = (
				D98C4CD42A93A59200AAEBC2 /* NetworkService */,
				D98C4CD32A93A58C00AAEBC2 /* View */,
				D98C4CD12A93A57500AAEBC2 /* Model */,
				D98C4CD02A93A57000AAEBC2 /* App */,
				D98C4CCF2A93A55B00AAEBC2 /* Resources */,
				D98C4CCE2A93A54000AAEBC2 /* Support */,
			);
			path = papcorn101;
			sourceTree = "<group>";
		};
		D98C4CB42A93A49500AAEBC2 /* papcorn101Tests */ = {
			isa = PBXGroup;
			children = (
				D98C4CB52A93A49500AAEBC2 /* papcorn101Tests.swift */,
			);
			path = papcorn101Tests;
			sourceTree = "<group>";
		};
		D98C4CBE2A93A49500AAEBC2 /* papcorn101UITests */ = {
			isa = PBXGroup;
			children = (
				D98C4CBF2A93A49500AAEBC2 /* papcorn101UITests.swift */,
				D98C4CC12A93A49500AAEBC2 /* papcorn101UITestsLaunchTests.swift */,
			);
			path = papcorn101UITests;
			sourceTree = "<group>";
		};
		D98C4CCE2A93A54000AAEBC2 /* Support */ = {
			isa = PBXGroup;
			children = (
				D98C4CAC2A93A49500AAEBC2 /* Info.plist */,
			);
			path = Support;
			sourceTree = "<group>";
		};
		D98C4CCF2A93A55B00AAEBC2 /* Resources */ = {
			isa = PBXGroup;
			children = (
				D98C4CA72A93A49500AAEBC2 /* Assets.xcassets */,
				D98C4CA92A93A49500AAEBC2 /* LaunchScreen.storyboard */,
				D98C4CA42A93A49200AAEBC2 /* papcorn101.xcdatamodeld */,
			);
			path = Resources;
			sourceTree = "<group>";
		};
		D98C4CD02A93A57000AAEBC2 /* App */ = {
			isa = PBXGroup;
			children = (
				D98C4C9B2A93A49200AAEBC2 /* AppDelegate.swift */,
				D98C4C9D2A93A49200AAEBC2 /* SceneDelegate.swift */,
			);
			path = App;
			sourceTree = "<group>";
		};
		D98C4CD12A93A57500AAEBC2 /* Model */ = {
			isa = PBXGroup;
			children = (
				D98C4CD52A93A7AF00AAEBC2 /* UserInfo.swift */,
				D98C4CD72A93A9B200AAEBC2 /* MovieInfo.swift */,
				D92F30F52A96B6DD00E31ACB /* ErrorMessage.swift */,
				D92F30F92A96BE0A00E31ACB /* MovieList.swift */,
			);
			path = Model;
			sourceTree = "<group>";
		};
		D98C4CD32A93A58C00AAEBC2 /* View */ = {
			isa = PBXGroup;
			children = (
				D98C4C9F2A93A49200AAEBC2 /* HomeViewController.swift */,
				D9F657B02A98E1170026CCFB /* PopularCVCell.swift */,
				D984C2652A94E6E4004E98D6 /* RecommendedCVCell.swift */,
				D984C2672A94F95E004E98D6 /* SearchViewController.swift */,
				D984C2692A94FA3E004E98D6 /* TabBarController.swift */,
			);
			path = View;
			sourceTree = "<group>";
		};
		D98C4CD42A93A59200AAEBC2 /* NetworkService */ = {
			isa = PBXGroup;
			children = (
				D92F30F72A96B8D900E31ACB /* MovieService.swift */,
			);
			path = NetworkService;
			sourceTree = "<group>";
		};
/* End PBXGroup section */

/* Begin PBXNativeTarget section */
		D98C4C972A93A49200AAEBC2 /* papcorn101 */ = {
			isa = PBXNativeTarget;
			buildConfigurationList = D98C4CC52A93A49500AAEBC2 /* Build configuration list for PBXNativeTarget "papcorn101" */;
			buildPhases = (
				D98C4C942A93A49200AAEBC2 /* Sources */,
				D98C4C952A93A49200AAEBC2 /* Frameworks */,
				D98C4C962A93A49200AAEBC2 /* Resources */,
			);
			buildRules = (
			);
			dependencies = (
			);
			name = papcorn101;
			packageProductDependencies = (
				D984C2612A94B1E4004E98D6 /* SnapKit */,
				D92F30F12A96B5A200E31ACB /* Alamofire */,
			);
			productName = papcorn101;
			productReference = D98C4C982A93A49200AAEBC2 /* papcorn101.app */;
			productType = "com.apple.product-type.application";
		};
		D98C4CB02A93A49500AAEBC2 /* papcorn101Tests */ = {
			isa = PBXNativeTarget;
			buildConfigurationList = D98C4CC82A93A49500AAEBC2 /* Build configuration list for PBXNativeTarget "papcorn101Tests" */;
			buildPhases = (
				D98C4CAD2A93A49500AAEBC2 /* Sources */,
				D98C4CAE2A93A49500AAEBC2 /* Frameworks */,
				D98C4CAF2A93A49500AAEBC2 /* Resources */,
			);
			buildRules = (
			);
			dependencies = (
				D98C4CB32A93A49500AAEBC2 /* PBXTargetDependency */,
			);
			name = papcorn101Tests;
			productName = papcorn101Tests;
			productReference = D98C4CB12A93A49500AAEBC2 /* papcorn101Tests.xctest */;
			productType = "com.apple.product-type.bundle.unit-test";
		};
		D98C4CBA2A93A49500AAEBC2 /* papcorn101UITests */ = {
			isa = PBXNativeTarget;
			buildConfigurationList = D98C4CCB2A93A49500AAEBC2 /* Build configuration list for PBXNativeTarget "papcorn101UITests" */;
			buildPhases = (
				D98C4CB72A93A49500AAEBC2 /* Sources */,
				D98C4CB82A93A49500AAEBC2 /* Frameworks */,
				D98C4CB92A93A49500AAEBC2 /* Resources */,
			);
			buildRules = (
			);
			dependencies = (
				D98C4CBD2A93A49500AAEBC2 /* PBXTargetDependency */,
			);
			name = papcorn101UITests;
			productName = papcorn101UITests;
			productReference = D98C4CBB2A93A49500AAEBC2 /* papcorn101UITests.xctest */;
			productType = "com.apple.product-type.bundle.ui-testing";
		};
/* End PBXNativeTarget section */

/* Begin PBXProject section */
		D98C4C902A93A49200AAEBC2 /* Project object */ = {
			isa = PBXProject;
			attributes = {
				BuildIndependentTargetsInParallel = 1;
				LastSwiftUpdateCheck = 1420;
				LastUpgradeCheck = 1420;
				TargetAttributes = {
					D98C4C972A93A49200AAEBC2 = {
						CreatedOnToolsVersion = 14.2;
					};
					D98C4CB02A93A49500AAEBC2 = {
						CreatedOnToolsVersion = 14.2;
						TestTargetID = D98C4C972A93A49200AAEBC2;
					};
					D98C4CBA2A93A49500AAEBC2 = {
						CreatedOnToolsVersion = 14.2;
						TestTargetID = D98C4C972A93A49200AAEBC2;
					};
				};
			};
			buildConfigurationList = D98C4C932A93A49200AAEBC2 /* Build configuration list for PBXProject "papcorn101" */;
			compatibilityVersion = "Xcode 14.0";
			developmentRegion = en;
			hasScannedForEncodings = 0;
			knownRegions = (
				en,
				Base,
			);
			mainGroup = D98C4C8F2A93A49200AAEBC2;
			packageReferences = (
				D984C2602A94B1E4004E98D6 /* XCRemoteSwiftPackageReference "SnapKit" */,
				D92F30F02A96B5A200E31ACB /* XCRemoteSwiftPackageReference "Alamofire" */,
			);
			productRefGroup = D98C4C992A93A49200AAEBC2 /* Products */;
			projectDirPath = "";
			projectRoot = "";
			targets = (
				D98C4C972A93A49200AAEBC2 /* papcorn101 */,
				D98C4CB02A93A49500AAEBC2 /* papcorn101Tests */,
				D98C4CBA2A93A49500AAEBC2 /* papcorn101UITests */,
			);
		};
/* End PBXProject section */

/* Begin PBXResourcesBuildPhase section */
		D98C4C962A93A49200AAEBC2 /* Resources */ = {
			isa = PBXResourcesBuildPhase;
			buildActionMask = 2147483647;
			files = (
				D98C4CAB2A93A49500AAEBC2 /* LaunchScreen.storyboard in Resources */,
				D98C4CA82A93A49500AAEBC2 /* Assets.xcassets in Resources */,
			);
			runOnlyForDeploymentPostprocessing = 0;
		};
		D98C4CAF2A93A49500AAEBC2 /* Resources */ = {
			isa = PBXResourcesBuildPhase;
			buildActionMask = 2147483647;
			files = (
			);
			runOnlyForDeploymentPostprocessing = 0;
		};
		D98C4CB92A93A49500AAEBC2 /* Resources */ = {
			isa = PBXResourcesBuildPhase;
			buildActionMask = 2147483647;
			files = (
			);
			runOnlyForDeploymentPostprocessing = 0;
		};
/* End PBXResourcesBuildPhase section */

/* Begin PBXSourcesBuildPhase section */
		D98C4C942A93A49200AAEBC2 /* Sources */ = {
			isa = PBXSourcesBuildPhase;
			buildActionMask = 2147483647;
			files = (
				D984C26A2A94FA3E004E98D6 /* TabBarController.swift in Sources */,
				D98C4CA62A93A49200AAEBC2 /* papcorn101.xcdatamodeld in Sources */,
				D98C4CA02A93A49200AAEBC2 /* HomeViewController.swift in Sources */,
				D92F30F82A96B8D900E31ACB /* MovieService.swift in Sources */,
				D92F30F62A96B6DD00E31ACB /* ErrorMessage.swift in Sources */,
				D92F30FA2A96BE0A00E31ACB /* MovieList.swift in Sources */,
				D984C2682A94F95F004E98D6 /* SearchViewController.swift in Sources */,
				D9F657B12A98E1170026CCFB /* PopularCVCell.swift in Sources */,
				D98C4C9C2A93A49200AAEBC2 /* AppDelegate.swift in Sources */,
				D98C4CD62A93A7AF00AAEBC2 /* UserInfo.swift in Sources */,
				D98C4CD82A93A9B200AAEBC2 /* MovieInfo.swift in Sources */,
				D984C2662A94E6E4004E98D6 /* RecommendedCVCell.swift in Sources */,
				D98C4C9E2A93A49200AAEBC2 /* SceneDelegate.swift in Sources */,
			);
			runOnlyForDeploymentPostprocessing = 0;
		};
		D98C4CAD2A93A49500AAEBC2 /* Sources */ = {
			isa = PBXSourcesBuildPhase;
			buildActionMask = 2147483647;
			files = (
				D98C4CB62A93A49500AAEBC2 /* papcorn101Tests.swift in Sources */,
			);
			runOnlyForDeploymentPostprocessing = 0;
		};
		D98C4CB72A93A49500AAEBC2 /* Sources */ = {
			isa = PBXSourcesBuildPhase;
			buildActionMask = 2147483647;
			files = (
				D98C4CC02A93A49500AAEBC2 /* papcorn101UITests.swift in Sources */,
				D98C4CC22A93A49500AAEBC2 /* papcorn101UITestsLaunchTests.swift in Sources */,
			);
			runOnlyForDeploymentPostprocessing = 0;
		};
/* End PBXSourcesBuildPhase section */

/* Begin PBXTargetDependency section */
		D98C4CB32A93A49500AAEBC2 /* PBXTargetDependency */ = {
			isa = PBXTargetDependency;
			target = D98C4C972A93A49200AAEBC2 /* papcorn101 */;
			targetProxy = D98C4CB22A93A49500AAEBC2 /* PBXContainerItemProxy */;
		};
		D98C4CBD2A93A49500AAEBC2 /* PBXTargetDependency */ = {
			isa = PBXTargetDependency;
			target = D98C4C972A93A49200AAEBC2 /* papcorn101 */;
			targetProxy = D98C4CBC2A93A49500AAEBC2 /* PBXContainerItemProxy */;
		};
/* End PBXTargetDependency section */

/* Begin PBXVariantGroup section */
		D98C4CA92A93A49500AAEBC2 /* LaunchScreen.storyboard */ = {
			isa = PBXVariantGroup;
			children = (
				D98C4CAA2A93A49500AAEBC2 /* Base */,
			);
			name = LaunchScreen.storyboard;
			sourceTree = "<group>";
		};
/* End PBXVariantGroup section */

/* Begin XCBuildConfiguration section */
		D98C4CC32A93A49500AAEBC2 /* Debug */ = {
			isa = XCBuildConfiguration;
			buildSettings = {
				ALWAYS_SEARCH_USER_PATHS = NO;
				CLANG_ANALYZER_NONNULL = YES;
				CLANG_ANALYZER_NUMBER_OBJECT_CONVERSION = YES_AGGRESSIVE;
				CLANG_CXX_LANGUAGE_STANDARD = "gnu++20";
				CLANG_ENABLE_MODULES = YES;
				CLANG_ENABLE_OBJC_ARC = YES;
				CLANG_ENABLE_OBJC_WEAK = YES;
				CLANG_WARN_BLOCK_CAPTURE_AUTORELEASING = YES;
				CLANG_WARN_BOOL_CONVERSION = YES;
				CLANG_WARN_COMMA = YES;
				CLANG_WARN_CONSTANT_CONVERSION = YES;
				CLANG_WARN_DEPRECATED_OBJC_IMPLEMENTATIONS = YES;
				CLANG_WARN_DIRECT_OBJC_ISA_USAGE = YES_ERROR;
				CLANG_WARN_DOCUMENTATION_COMMENTS = YES;
				CLANG_WARN_EMPTY_BODY = YES;
				CLANG_WARN_ENUM_CONVERSION = YES;
				CLANG_WARN_INFINITE_RECURSION = YES;
				CLANG_WARN_INT_CONVERSION = YES;
				CLANG_WARN_NON_LITERAL_NULL_CONVERSION = YES;
				CLANG_WARN_OBJC_IMPLICIT_RETAIN_SELF = YES;
				CLANG_WARN_OBJC_LITERAL_CONVERSION = YES;
				CLANG_WARN_OBJC_ROOT_CLASS = YES_ERROR;
				CLANG_WARN_QUOTED_INCLUDE_IN_FRAMEWORK_HEADER = YES;
				CLANG_WARN_RANGE_LOOP_ANALYSIS = YES;
				CLANG_WARN_STRICT_PROTOTYPES = YES;
				CLANG_WARN_SUSPICIOUS_MOVE = YES;
				CLANG_WARN_UNGUARDED_AVAILABILITY = YES_AGGRESSIVE;
				CLANG_WARN_UNREACHABLE_CODE = YES;
				CLANG_WARN__DUPLICATE_METHOD_MATCH = YES;
				COPY_PHASE_STRIP = NO;
				DEBUG_INFORMATION_FORMAT = dwarf;
				ENABLE_STRICT_OBJC_MSGSEND = YES;
				ENABLE_TESTABILITY = YES;
				GCC_C_LANGUAGE_STANDARD = gnu11;
				GCC_DYNAMIC_NO_PIC = NO;
				GCC_NO_COMMON_BLOCKS = YES;
				GCC_OPTIMIZATION_LEVEL = 0;
				GCC_PREPROCESSOR_DEFINITIONS = (
					"DEBUG=1",
					"$(inherited)",
				);
				GCC_WARN_64_TO_32_BIT_CONVERSION = YES;
				GCC_WARN_ABOUT_RETURN_TYPE = YES_ERROR;
				GCC_WARN_UNDECLARED_SELECTOR = YES;
				GCC_WARN_UNINITIALIZED_AUTOS = YES_AGGRESSIVE;
				GCC_WARN_UNUSED_FUNCTION = YES;
				GCC_WARN_UNUSED_VARIABLE = YES;
				IPHONEOS_DEPLOYMENT_TARGET = 16.2;
				MTL_ENABLE_DEBUG_INFO = INCLUDE_SOURCE;
				MTL_FAST_MATH = YES;
				ONLY_ACTIVE_ARCH = YES;
				SDKROOT = iphoneos;
				SWIFT_ACTIVE_COMPILATION_CONDITIONS = DEBUG;
				SWIFT_OPTIMIZATION_LEVEL = "-Onone";
			};
			name = Debug;
		};
		D98C4CC42A93A49500AAEBC2 /* Release */ = {
			isa = XCBuildConfiguration;
			buildSettings = {
				ALWAYS_SEARCH_USER_PATHS = NO;
				CLANG_ANALYZER_NONNULL = YES;
				CLANG_ANALYZER_NUMBER_OBJECT_CONVERSION = YES_AGGRESSIVE;
				CLANG_CXX_LANGUAGE_STANDARD = "gnu++20";
				CLANG_ENABLE_MODULES = YES;
				CLANG_ENABLE_OBJC_ARC = YES;
				CLANG_ENABLE_OBJC_WEAK = YES;
				CLANG_WARN_BLOCK_CAPTURE_AUTORELEASING = YES;
				CLANG_WARN_BOOL_CONVERSION = YES;
				CLANG_WARN_COMMA = YES;
				CLANG_WARN_CONSTANT_CONVERSION = YES;
				CLANG_WARN_DEPRECATED_OBJC_IMPLEMENTATIONS = YES;
				CLANG_WARN_DIRECT_OBJC_ISA_USAGE = YES_ERROR;
				CLANG_WARN_DOCUMENTATION_COMMENTS = YES;
				CLANG_WARN_EMPTY_BODY = YES;
				CLANG_WARN_ENUM_CONVERSION = YES;
				CLANG_WARN_INFINITE_RECURSION = YES;
				CLANG_WARN_INT_CONVERSION = YES;
				CLANG_WARN_NON_LITERAL_NULL_CONVERSION = YES;
				CLANG_WARN_OBJC_IMPLICIT_RETAIN_SELF = YES;
				CLANG_WARN_OBJC_LITERAL_CONVERSION = YES;
				CLANG_WARN_OBJC_ROOT_CLASS = YES_ERROR;
				CLANG_WARN_QUOTED_INCLUDE_IN_FRAMEWORK_HEADER = YES;
				CLANG_WARN_RANGE_LOOP_ANALYSIS = YES;
				CLANG_WARN_STRICT_PROTOTYPES = YES;
				CLANG_WARN_SUSPICIOUS_MOVE = YES;
				CLANG_WARN_UNGUARDED_AVAILABILITY = YES_AGGRESSIVE;
				CLANG_WARN_UNREACHABLE_CODE = YES;
				CLANG_WARN__DUPLICATE_METHOD_MATCH = YES;
				COPY_PHASE_STRIP = NO;
				DEBUG_INFORMATION_FORMAT = "dwarf-with-dsym";
				ENABLE_NS_ASSERTIONS = NO;
				ENABLE_STRICT_OBJC_MSGSEND = YES;
				GCC_C_LANGUAGE_STANDARD = gnu11;
				GCC_NO_COMMON_BLOCKS = YES;
				GCC_WARN_64_TO_32_BIT_CONVERSION = YES;
				GCC_WARN_ABOUT_RETURN_TYPE = YES_ERROR;
				GCC_WARN_UNDECLARED_SELECTOR = YES;
				GCC_WARN_UNINITIALIZED_AUTOS = YES_AGGRESSIVE;
				GCC_WARN_UNUSED_FUNCTION = YES;
				GCC_WARN_UNUSED_VARIABLE = YES;
				IPHONEOS_DEPLOYMENT_TARGET = 16.2;
				MTL_ENABLE_DEBUG_INFO = NO;
				MTL_FAST_MATH = YES;
				SDKROOT = iphoneos;
				SWIFT_COMPILATION_MODE = wholemodule;
				SWIFT_OPTIMIZATION_LEVEL = "-O";
				VALIDATE_PRODUCT = YES;
			};
			name = Release;
		};
		D98C4CC62A93A49500AAEBC2 /* Debug */ = {
			isa = XCBuildConfiguration;
			buildSettings = {
				ASSETCATALOG_COMPILER_APPICON_NAME = AppIcon;
				ASSETCATALOG_COMPILER_GLOBAL_ACCENT_COLOR_NAME = AccentColor;
				CODE_SIGN_STYLE = Automatic;
				CURRENT_PROJECT_VERSION = 1;
				DEVELOPMENT_TEAM = G639H868D6;
				GENERATE_INFOPLIST_FILE = YES;
				INFOPLIST_FILE = papcorn101/Support/Info.plist;
				INFOPLIST_KEY_UIApplicationSupportsIndirectInputEvents = YES;
				INFOPLIST_KEY_UILaunchStoryboardName = LaunchScreen;
				INFOPLIST_KEY_UISupportedInterfaceOrientations_iPad = "UIInterfaceOrientationPortrait UIInterfaceOrientationPortraitUpsideDown UIInterfaceOrientationLandscapeLeft UIInterfaceOrientationLandscapeRight";
				INFOPLIST_KEY_UISupportedInterfaceOrientations_iPhone = "UIInterfaceOrientationPortrait UIInterfaceOrientationLandscapeLeft UIInterfaceOrientationLandscapeRight";
				LD_RUNPATH_SEARCH_PATHS = (
					"$(inherited)",
					"@executable_path/Frameworks",
				);
				MARKETING_VERSION = 1.0;
				PRODUCT_BUNDLE_IDENTIFIER = com.ismailtever.papcorn101;
				PRODUCT_NAME = "$(TARGET_NAME)";
				SWIFT_EMIT_LOC_STRINGS = YES;
				SWIFT_VERSION = 5.0;
				TARGETED_DEVICE_FAMILY = "1,2";
			};
			name = Debug;
		};
		D98C4CC72A93A49500AAEBC2 /* Release */ = {
			isa = XCBuildConfiguration;
			buildSettings = {
				ASSETCATALOG_COMPILER_APPICON_NAME = AppIcon;
				ASSETCATALOG_COMPILER_GLOBAL_ACCENT_COLOR_NAME = AccentColor;
				CODE_SIGN_STYLE = Automatic;
				CURRENT_PROJECT_VERSION = 1;
				DEVELOPMENT_TEAM = G639H868D6;
				GENERATE_INFOPLIST_FILE = YES;
				INFOPLIST_FILE = papcorn101/Support/Info.plist;
				INFOPLIST_KEY_UIApplicationSupportsIndirectInputEvents = YES;
				INFOPLIST_KEY_UILaunchStoryboardName = LaunchScreen;
				INFOPLIST_KEY_UISupportedInterfaceOrientations_iPad = "UIInterfaceOrientationPortrait UIInterfaceOrientationPortraitUpsideDown UIInterfaceOrientationLandscapeLeft UIInterfaceOrientationLandscapeRight";
				INFOPLIST_KEY_UISupportedInterfaceOrientations_iPhone = "UIInterfaceOrientationPortrait UIInterfaceOrientationLandscapeLeft UIInterfaceOrientationLandscapeRight";
				LD_RUNPATH_SEARCH_PATHS = (
					"$(inherited)",
					"@executable_path/Frameworks",
				);
				MARKETING_VERSION = 1.0;
				PRODUCT_BUNDLE_IDENTIFIER = com.ismailtever.papcorn101;
				PRODUCT_NAME = "$(TARGET_NAME)";
				SWIFT_EMIT_LOC_STRINGS = YES;
				SWIFT_VERSION = 5.0;
				TARGETED_DEVICE_FAMILY = "1,2";
			};
			name = Release;
		};
		D98C4CC92A93A49500AAEBC2 /* Debug */ = {
			isa = XCBuildConfiguration;
			buildSettings = {
				ALWAYS_EMBED_SWIFT_STANDARD_LIBRARIES = YES;
				BUNDLE_LOADER = "$(TEST_HOST)";
				CODE_SIGN_STYLE = Automatic;
				CURRENT_PROJECT_VERSION = 1;
				DEVELOPMENT_TEAM = G639H868D6;
				GENERATE_INFOPLIST_FILE = YES;
				IPHONEOS_DEPLOYMENT_TARGET = 16.2;
				MARKETING_VERSION = 1.0;
				PRODUCT_BUNDLE_IDENTIFIER = com.ismailtever.papcorn101Tests;
				PRODUCT_NAME = "$(TARGET_NAME)";
				SWIFT_EMIT_LOC_STRINGS = NO;
				SWIFT_VERSION = 5.0;
				TARGETED_DEVICE_FAMILY = "1,2";
				TEST_HOST = "$(BUILT_PRODUCTS_DIR)/papcorn101.app/$(BUNDLE_EXECUTABLE_FOLDER_PATH)/papcorn101";
			};
			name = Debug;
		};
		D98C4CCA2A93A49500AAEBC2 /* Release */ = {
			isa = XCBuildConfiguration;
			buildSettings = {
				ALWAYS_EMBED_SWIFT_STANDARD_LIBRARIES = YES;
				BUNDLE_LOADER = "$(TEST_HOST)";
				CODE_SIGN_STYLE = Automatic;
				CURRENT_PROJECT_VERSION = 1;
				DEVELOPMENT_TEAM = G639H868D6;
				GENERATE_INFOPLIST_FILE = YES;
				IPHONEOS_DEPLOYMENT_TARGET = 16.2;
				MARKETING_VERSION = 1.0;
				PRODUCT_BUNDLE_IDENTIFIER = com.ismailtever.papcorn101Tests;
				PRODUCT_NAME = "$(TARGET_NAME)";
				SWIFT_EMIT_LOC_STRINGS = NO;
				SWIFT_VERSION = 5.0;
				TARGETED_DEVICE_FAMILY = "1,2";
				TEST_HOST = "$(BUILT_PRODUCTS_DIR)/papcorn101.app/$(BUNDLE_EXECUTABLE_FOLDER_PATH)/papcorn101";
			};
			name = Release;
		};
		D98C4CCC2A93A49500AAEBC2 /* Debug */ = {
			isa = XCBuildConfiguration;
			buildSettings = {
				ALWAYS_EMBED_SWIFT_STANDARD_LIBRARIES = YES;
				CODE_SIGN_STYLE = Automatic;
				CURRENT_PROJECT_VERSION = 1;
				DEVELOPMENT_TEAM = G639H868D6;
				GENERATE_INFOPLIST_FILE = YES;
				MARKETING_VERSION = 1.0;
				PRODUCT_BUNDLE_IDENTIFIER = com.ismailtever.papcorn101UITests;
				PRODUCT_NAME = "$(TARGET_NAME)";
				SWIFT_EMIT_LOC_STRINGS = NO;
				SWIFT_VERSION = 5.0;
				TARGETED_DEVICE_FAMILY = "1,2";
				TEST_TARGET_NAME = papcorn101;
			};
			name = Debug;
		};
		D98C4CCD2A93A49500AAEBC2 /* Release */ = {
			isa = XCBuildConfiguration;
			buildSettings = {
				ALWAYS_EMBED_SWIFT_STANDARD_LIBRARIES = YES;
				CODE_SIGN_STYLE = Automatic;
				CURRENT_PROJECT_VERSION = 1;
				DEVELOPMENT_TEAM = G639H868D6;
				GENERATE_INFOPLIST_FILE = YES;
				MARKETING_VERSION = 1.0;
				PRODUCT_BUNDLE_IDENTIFIER = com.ismailtever.papcorn101UITests;
				PRODUCT_NAME = "$(TARGET_NAME)";
				SWIFT_EMIT_LOC_STRINGS = NO;
				SWIFT_VERSION = 5.0;
				TARGETED_DEVICE_FAMILY = "1,2";
				TEST_TARGET_NAME = papcorn101;
			};
			name = Release;
		};
/* End XCBuildConfiguration section */

/* Begin XCConfigurationList section */
		D98C4C932A93A49200AAEBC2 /* Build configuration list for PBXProject "papcorn101" */ = {
			isa = XCConfigurationList;
			buildConfigurations = (
				D98C4CC32A93A49500AAEBC2 /* Debug */,
				D98C4CC42A93A49500AAEBC2 /* Release */,
			);
			defaultConfigurationIsVisible = 0;
			defaultConfigurationName = Release;
		};
		D98C4CC52A93A49500AAEBC2 /* Build configuration list for PBXNativeTarget "papcorn101" */ = {
			isa = XCConfigurationList;
			buildConfigurations = (
				D98C4CC62A93A49500AAEBC2 /* Debug */,
				D98C4CC72A93A49500AAEBC2 /* Release */,
			);
			defaultConfigurationIsVisible = 0;
			defaultConfigurationName = Release;
		};
		D98C4CC82A93A49500AAEBC2 /* Build configuration list for PBXNativeTarget "papcorn101Tests" */ = {
			isa = XCConfigurationList;
			buildConfigurations = (
				D98C4CC92A93A49500AAEBC2 /* Debug */,
				D98C4CCA2A93A49500AAEBC2 /* Release */,
			);
			defaultConfigurationIsVisible = 0;
			defaultConfigurationName = Release;
		};
		D98C4CCB2A93A49500AAEBC2 /* Build configuration list for PBXNativeTarget "papcorn101UITests" */ = {
			isa = XCConfigurationList;
			buildConfigurations = (
				D98C4CCC2A93A49500AAEBC2 /* Debug */,
				D98C4CCD2A93A49500AAEBC2 /* Release */,
			);
			defaultConfigurationIsVisible = 0;
			defaultConfigurationName = Release;
		};
/* End XCConfigurationList section */

/* Begin XCRemoteSwiftPackageReference section */
		D92F30F02A96B5A200E31ACB /* XCRemoteSwiftPackageReference "Alamofire" */ = {
			isa = XCRemoteSwiftPackageReference;
			repositoryURL = "https://github.com/Alamofire/Alamofire.git";
			requirement = {
				kind = upToNextMajorVersion;
				minimumVersion = 5.6.4;
			};
		};
		D984C2602A94B1E4004E98D6 /* XCRemoteSwiftPackageReference "SnapKit" */ = {
			isa = XCRemoteSwiftPackageReference;
			repositoryURL = "https://github.com/SnapKit/SnapKit.git";
			requirement = {
				kind = upToNextMajorVersion;
				minimumVersion = 5.0.1;
			};
		};
/* End XCRemoteSwiftPackageReference section */

/* Begin XCSwiftPackageProductDependency section */
		D92F30F12A96B5A200E31ACB /* Alamofire */ = {
			isa = XCSwiftPackageProductDependency;
			package = D92F30F02A96B5A200E31ACB /* XCRemoteSwiftPackageReference "Alamofire" */;
			productName = Alamofire;
		};
		D984C2612A94B1E4004E98D6 /* SnapKit */ = {
			isa = XCSwiftPackageProductDependency;
			package = D984C2602A94B1E4004E98D6 /* XCRemoteSwiftPackageReference "SnapKit" */;
			productName = SnapKit;
		};
/* End XCSwiftPackageProductDependency section */

/* Begin XCVersionGroup section */
		D98C4CA42A93A49200AAEBC2 /* papcorn101.xcdatamodeld */ = {
			isa = XCVersionGroup;
			children = (
				D98C4CA52A93A49200AAEBC2 /* papcorn101.xcdatamodel */,
			);
			currentVersion = D98C4CA52A93A49200AAEBC2 /* papcorn101.xcdatamodel */;
			path = papcorn101.xcdatamodeld;
			sourceTree = "<group>";
			versionGroupType = wrapper.xcdatamodel;
		};
/* End XCVersionGroup section */
	};
	rootObject = D98C4C902A93A49200AAEBC2 /* Project object */;
}
